
Microsoft Visual Studio Solution File, Format Version 12.00
# Visual Studio Version 17
VisualStudioVersion = 17.10.34928.147
MinimumVisualStudioVersion = 10.0.40219.1
Project("{FAE04EC0-301F-11D3-BF4B-00C04F79EFBC}") = "GS1Autoprinter", "GS1Autoprinter.csproj", "{8E102D5A-CD35-4ACB-BE0B-33A0CD609940}"
EndProject
Global
	GlobalSection(SolutionConfigurationPlatforms) = preSolution
		Debug|Any CPU = Debug|Any CPU
		Release|Any CPU = Release|Any CPU
	EndGlobalSection
	GlobalSection(ProjectConfigurationPlatforms) = postSolution
		{8E102D5A-CD35-4ACB-BE0B-33A0CD609940}.Debug|Any CPU.ActiveCfg = Debug|Any CPU
		{8E102D5A-CD35-4ACB-BE0B-33A0CD609940}.Debug|Any CPU.Build.0 = Debug|Any CPU
		{8E102D5A-CD35-4ACB-BE0B-33A0CD609940}.Release|Any CPU.ActiveCfg = Release|Any CPU
		{8E102D5A-CD35-4ACB-BE0B-33A0CD609940}.Release|Any CPU.Build.0 = Release|Any CPU
	EndGlobalSection
	GlobalSection(SolutionProperties) = preSolution
		HideSolutionNode = FALSE
	EndGlobalSection
	GlobalSection(ExtensibilityGlobals) = postSolution
		SolutionGuid = {7043EBBC-C990-43A4-BD9B-D95B4DC5C2AB}
	EndGlobalSection
EndGlobal
